
Microsoft Visual Studio Solution File, Format Version 12.00
# Visual Studio Version 17
VisualStudioVersion = 17.3.32929.385
MinimumVisualStudioVersion = 10.0.40219.1
Project("{FAE04EC0-301F-11D3-BF4B-00C04F79EFBC}") = "TaskManager.WebApi", "TaskManager.WebApi\TaskManager.WebApi.csproj", "{7C2609EF-BDDD-47B9-804D-97F10FE19B8C}"
EndProject
Project("{FAE04EC0-301F-11D3-BF4B-00C04F79EFBC}") = "TaskManager.Core", "TaskManager.Core\TaskManager.Core.csproj", "{1ADE1F92-5E47-4EA9-9665-AE9F4C624F17}"
EndProject
Global
	GlobalSection(SolutionConfigurationPlatforms) = preSolution
		Debug|Any CPU = Debug|Any CPU
		Release|Any CPU = Release|Any CPU
	EndGlobalSection
	GlobalSection(ProjectConfigurationPlatforms) = postSolution
		{7C2609EF-BDDD-47B9-804D-97F10FE19B8C}.Debug|Any CPU.ActiveCfg = Debug|Any CPU
		{7C2609EF-BDDD-47B9-804D-97F10FE19B8C}.Debug|Any CPU.Build.0 = Debug|Any CPU
		{7C2609EF-BDDD-47B9-804D-97F10FE19B8C}.Release|Any CPU.ActiveCfg = Release|Any CPU
		{7C2609EF-BDDD-47B9-804D-97F10FE19B8C}.Release|Any CPU.Build.0 = Release|Any CPU
		{1ADE1F92-5E47-4EA9-9665-AE9F4C624F17}.Debug|Any CPU.ActiveCfg = Debug|Any CPU
		{1ADE1F92-5E47-4EA9-9665-AE9F4C624F17}.Debug|Any CPU.Build.0 = Debug|Any CPU
		{1ADE1F92-5E47-4EA9-9665-AE9F4C624F17}.Release|Any CPU.ActiveCfg = Release|Any CPU
		{1ADE1F92-5E47-4EA9-9665-AE9F4C624F17}.Release|Any CPU.Build.0 = Release|Any CPU
	EndGlobalSection
	GlobalSection(SolutionProperties) = preSolution
		HideSolutionNode = FALSE
	EndGlobalSection
	GlobalSection(ExtensibilityGlobals) = postSolution
		SolutionGuid = {B9E3F8D3-1763-46B8-AD44-10F2A2D27A98}
	EndGlobalSection
EndGlobal
